{
  "nodes": {
    "flake-compat": {
      "flake": false,
      "locked": {
        "lastModified": 1747046372,
        "narHash": "sha256-CIVLLkVgvHYbgI2UpXvIIBJ12HWgX+fjA8Xf8PUmqCY=",
        "owner": "edolstra",
        "repo": "flake-compat",
        "rev": "9100a0f413b0c601e0533d1d94ffd501ce2e7885",
        "type": "github"
      },
      "original": {
        "owner": "edolstra",
        "repo": "flake-compat",
        "type": "github"
      }
    },
    "flake-compat_2": {
      "flake": false,
      "locked": {
        "lastModified": 1672831974,
        "narHash": "sha256-z9k3MfslLjWQfnjBtEtJZdq3H7kyi2kQtUThfTgdRk0=",
        "owner": "input-output-hk",
        "repo": "flake-compat",
        "rev": "45f2638735f8cdc40fe302742b79f248d23eb368",
        "type": "github"
      },
      "original": {
        "owner": "input-output-hk",
        "ref": "hkm/gitlab-fix",
        "repo": "flake-compat",
        "type": "github"
      }
    },
    "git-hooks": {
      "inputs": {
        "flake-compat": "flake-compat",
        "gitignore": "gitignore",
        "nixpkgs": "nixpkgs"
      },
      "locked": {
        "lastModified": 1760663237,
        "narHash": "sha256-BflA6U4AM1bzuRMR8QqzPXqh8sWVCNDzOdsxXEguJIc=",
        "owner": "cachix",
        "repo": "git-hooks.nix",
        "rev": "ca5b894d3e3e151ffc1db040b6ce4dcc75d31c37",
        "type": "github"
      },
      "original": {
        "owner": "cachix",
        "repo": "git-hooks.nix",
        "type": "github"
      }
    },
    "gitignore": {
      "inputs": {
        "nixpkgs": [
          "git-hooks",
          "nixpkgs"
        ]
      },
      "locked": {
        "lastModified": 1709087332,
        "narHash": "sha256-HG2cCnktfHsKV0s4XW83gU3F57gaTljL9KNSuG6bnQs=",
        "owner": "hercules-ci",
        "repo": "gitignore.nix",
        "rev": "637db329424fd7e46cf4185293b9cc8c88c95394",
        "type": "github"
      },
      "original": {
        "owner": "hercules-ci",
        "repo": "gitignore.nix",
        "type": "github"
      }
    },
    "hackage-db": {
      "flake": false,
      "locked": {
        "lastModified": 1711997811,
        "narHash": "sha256-8NTfSb1fE/so843qG59XpvPE2HIYTa0D1UrpnHdJ44U=",
        "owner": "michaelpj",
        "repo": "hackage-db",
        "rev": "83f819cb08742d3c86a83b407d45c1f6c1c7e299",
        "type": "github"
      },
      "original": {
        "owner": "michaelpj",
        "repo": "hackage-db",
        "rev": "83f819cb08742d3c86a83b407d45c1f6c1c7e299",
        "type": "github"
      }
    },
    "hackage-nix": {
      "flake": false,
      "locked": {
        "lastModified": 1762303355,
        "narHash": "sha256-BONr0A8ILmOKPOx0msm1pquJ+cm6aajwLOHYMCiJLp0=",
        "owner": "kronor-io",
        "repo": "hackage.nix",
        "rev": "ffc1b4cfa41a34d328bbe76a8d3f3e5e578144de",
        "type": "github"
      },
      "original": {
        "owner": "kronor-io",
        "repo": "hackage.nix",
        "type": "github"
      }
    },
    "haskell-nix": {
      "inputs": {
        "flake-compat": "flake-compat_2",
        "hackage": [
          "hackage-nix"
        ],
        "hackage-db": "hackage-db",
        "nixpkgs": [
          "nixpkgs"
        ],
        "nixpkgs-2505": "nixpkgs-2505"
      },
      "locked": {
        "lastModified": 1762303649,
        "narHash": "sha256-PClpK69rQhnyxNecngvh4Zqy2XdlCdyIwzRyPLC95NQ=",
        "owner": "kronor-io",
        "repo": "haskell.nix",
        "rev": "70c5c8e2fb3dbf8869f46da2f28b4c00db832cb8",
        "type": "github"
      },
      "original": {
        "owner": "kronor-io",
        "ref": "wip-nixpkgs-ghc",
        "repo": "haskell.nix",
        "type": "github"
      }
    },
    "nixpkgs": {
      "locked": {
        "lastModified": 1759070547,
        "narHash": "sha256-JVZl8NaVRYb0+381nl7LvPE+A774/dRpif01FKLrYFQ=",
        "owner": "NixOS",
        "repo": "nixpkgs",
        "rev": "647e5c14cbd5067f44ac86b74f014962df460840",
        "type": "github"
      },
      "original": {
        "owner": "NixOS",
        "ref": "nixpkgs-unstable",
        "repo": "nixpkgs",
        "type": "github"
      }
    },
    "nixpkgs-2505": {
      "locked": {
        "lastModified": 1756650686,
        "narHash": "sha256-kgf2GzjNcyZ9A68+NuRTiYOGgB3Ux8Bw4KU5WjjYk1A=",
        "owner": "NixOS",
        "repo": "nixpkgs",
        "rev": "c8f89b1c7ce876a7d0a7f172f8fc78c63176ab2b",
        "type": "github"
      },
      "original": {
        "owner": "NixOS",
        "ref": "release-25.05",
        "repo": "nixpkgs",
        "type": "github"
      }
    },
    "nixpkgs_2": {
      "locked": {
        "lastModified": 1762345472,
        "narHash": "sha256-Te9gCGZkmnlveI8ODpZ400yb+/cHs+NjrsYsM5Z0JLI=",
        "owner": "NixOS",
        "repo": "nixpkgs",
        "rev": "65f82f8ce33de4df970eeb79b9180d787c8bd105",
        "type": "github"
      },
      "original": {
        "owner": "NixOS",
        "ref": "release-25.05",
        "repo": "nixpkgs",
        "type": "github"
      }
    },
    "root": {
      "inputs": {
        "git-hooks": "git-hooks",
        "hackage-nix": "hackage-nix",
        "haskell-nix": "haskell-nix",
        "nixpkgs": "nixpkgs_2"
      }
    }
  },
  "root": "root",
  "version": 7
}
