# This file was autogenerated by Stack.
# You should not edit this file by hand.
# For more information, please see the documentation at:
#   https://docs.haskellstack.org/en/stable/lock_files

snapshots: []
packages:
- original:
    hackage: hasql-1.4.5.1@sha256:1d202eeb12a409c1d7f75c5440780ff3caed2cd8f470ec80f01748e0b9e388f0,6581
  completed:
    pantry-tree:
      sha256: 98e50d3d938e4f62fd60d686e70622bc3da689734bf2e00b2e94fcb501b4c6ed
      size: 2567
    hackage: hasql-1.4.5.1@sha256:1d202eeb12a409c1d7f75c5440780ff3caed2cd8f470ec80f01748e0b9e388f0,6581
- original:
    hackage: hasql-notifications-0.2.0.0@sha256:1c0a82492dd6163f8f1d0d1b38843aebd5e95663356f9b24915181176767dc1f,2082
  completed:
    pantry-tree:
      sha256: 5d1dd512ad839bd7b9ba389d9b994335ddd1910a0db28fca2bf640ffc5090cb6
      size: 452
    hackage: hasql-notifications-0.2.0.0@sha256:1c0a82492dd6163f8f1d0d1b38843aebd5e95663356f9b24915181176767dc1f,2082
- original:
    hackage: attoparsec-0.14.1@sha256:5a11f0339fb7e65429683e8a36d44adca3fd8cd40704525969c691e359c48fa0,5966
  completed:
    pantry-tree:
      sha256: 7a15f72ed19d6c9075a601f2e32f25745afa4ea9d72dc4c22bde8ef1478d2c20
      size: 5305
    hackage: attoparsec-0.14.1@sha256:5a11f0339fb7e65429683e8a36d44adca3fd8cd40704525969c691e359c48fa0,5966
- original:
    hackage: bytestring-strict-builder-0.4.5.4@sha256:a964626de17df5fcadf6950b249c6f9f402f08a6dccb7b12c3ff431b901cb818,4010
  completed:
    pantry-tree:
      sha256: 83366b940c133d65e90f1b387d69732f007ccf4be2367ea56a547acea2686ea3
      size: 713
    hackage: bytestring-strict-builder-0.4.5.4@sha256:a964626de17df5fcadf6950b249c6f9f402f08a6dccb7b12c3ff431b901cb818,4010
- original:
    hackage: contravariant-1.5.3@sha256:e59a7742e725f94fc6578e3593cd3f6d4e3d46a9510c3a782e5fe5e5f238e3ce,3013
  completed:
    pantry-tree:
      sha256: 7a77163cd7064649944f0fe93c0f0550f6a8979c83df2ec4c7c6c96e6d895c3d
      size: 652
    hackage: contravariant-1.5.3@sha256:e59a7742e725f94fc6578e3593cd3f6d4e3d46a9510c3a782e5fe5e5f238e3ce,3013
- original:
    hackage: dlist-1.0@sha256:124cb3aa1decebd5171b46601b1f74cca6cfae12d266ace3799b86dd05ef7cb4,3560
  completed:
    pantry-tree:
      sha256: 8467afe9c94b2756e5703fed0950b51418bd877acbdd72e9dc3488b8f28f4e82
      size: 953
    hackage: dlist-1.0@sha256:124cb3aa1decebd5171b46601b1f74cca6cfae12d266ace3799b86dd05ef7cb4,3560
- original:
    hackage: hashable-1.3.2.0@sha256:02bc544e3546713b1d76a3c5bfc836a5fd19a5b4348ef4a52bb973d0c35a4b89,3992
  completed:
    pantry-tree:
      sha256: ceb49befc23c3b49c01569be32bc9b51b94fab99d2d74313b87fd2cd65b330d5
      size: 1050
    hackage: hashable-1.3.2.0@sha256:02bc544e3546713b1d76a3c5bfc836a5fd19a5b4348ef4a52bb973d0c35a4b89,3992
- original:
    hackage: hashtables-1.2.4.1@sha256:09267f75fed6375617cfa049e28f8812b776e5c4ad811794efe150db314dcb4f,9821
  completed:
    pantry-tree:
      sha256: b4fa31474d98869318b9190684eec802b6a282588b2dddfaf7b0dcb87e652132
      size: 2894
    hackage: hashtables-1.2.4.1@sha256:09267f75fed6375617cfa049e28f8812b776e5c4ad811794efe150db314dcb4f,9821
- original:
    hackage: hasql-pool-0.5.2@sha256:c1f61db17fd1ad8055d6907731a6755a70daf10f80ea378d65e2370115cb9e9b,2436
  completed:
    pantry-tree:
      sha256: a3d1beda7693f9236940087347ff1f7c6799ef393ee96707a0d5dd99a68376db
      size: 412
    hackage: hasql-pool-0.5.2@sha256:c1f61db17fd1ad8055d6907731a6755a70daf10f80ea378d65e2370115cb9e9b,2436
- original:
    hackage: postgresql-binary-0.12.4@sha256:7f719408a5d220b871c7ed187a572479f27712c9d0400d3b59a0984ce9620500,5692
  completed:
    pantry-tree:
      sha256: 40ca4ddb01438d83477c876491e625600f72ba79f0efa6fc8622c9794cd11e03
      size: 1665
    hackage: postgresql-binary-0.12.4@sha256:7f719408a5d220b871c7ed187a572479f27712c9d0400d3b59a0984ce9620500,5692
- original:
    hackage: postgresql-libpq-0.9.4.3@sha256:a20a7a263343247526141d99154c9fa801e6d19e8e4da04849bc843f82db91b2,2803
  completed:
    pantry-tree:
      sha256: 7f1ea7a2ad2c125c153437c60d767e71bf569fe6f04bcfa3b6bad25135ba1224
      size: 629
    hackage: postgresql-libpq-0.9.4.3@sha256:a20a7a263343247526141d99154c9fa801e6d19e8e4da04849bc843f82db91b2,2803
- original:
    hackage: profunctors-5.6.2@sha256:4db306297d827cf65a32d9124d6f1a23105479ebb1988783006578bc5d4209da,2377
  completed:
    pantry-tree:
      sha256: 5e640a3a4613c8850d19d322b4ec8444345deb0cf4ee020590da82e2d657be26
      size: 1588
    hackage: profunctors-5.6.2@sha256:4db306297d827cf65a32d9124d6f1a23105479ebb1988783006578bc5d4209da,2377
- original:
    hackage: text-builder-0.6.6.2@sha256:6f7a742a5e9523ae10adc9eb2f5090e734fda4160d518c1b3da624d55d7f4a2e,4177
  completed:
    pantry-tree:
      sha256: aac0deee01fc8409e2988c2e4726d0335b25708f76c5abcf86d9a945dbed7aee
      size: 542
    hackage: text-builder-0.6.6.2@sha256:6f7a742a5e9523ae10adc9eb2f5090e734fda4160d518c1b3da624d55d7f4a2e,4177
- original:
    hackage: vector-0.12.3.0@sha256:0ae2c1ba86f0077910be242ec6802cc3d7725fe7b2bea6987201aa3737b239b5,7953
  completed:
    pantry-tree:
      sha256: 11121a60e271d7971b68d603e4727673e8ffb724c858106bb739997ae00e485a
      size: 3842
    hackage: vector-0.12.3.0@sha256:0ae2c1ba86f0077910be242ec6802cc3d7725fe7b2bea6987201aa3737b239b5,7953
- original:
    hackage: StateVar-1.2.1@sha256:b8bea664120dc78f5c15d9b8c0947d51dbc58a0b63ee49971fa7caac9f3e0845,1642
  completed:
    pantry-tree:
      sha256: a754fbce030016de2534e05dd6abb987daf46e2d5e34f11ea200854869220cfc
      size: 314
    hackage: StateVar-1.2.1@sha256:b8bea664120dc78f5c15d9b8c0947d51dbc58a0b63ee49971fa7caac9f3e0845,1642
- original:
    hackage: aeson-1.5.6.0@sha256:d3e76872f8634c9cd33eb128d6c4dd1bf0cc8d71d1f32055d774490d5f6dedf8,6786
  completed:
    pantry-tree:
      sha256: 10dbaacb905db0c0b0602cc3045d91079c3ca8eb981c356864a4a68cf2cf9784
      size: 37981
    hackage: aeson-1.5.6.0@sha256:d3e76872f8634c9cd33eb128d6c4dd1bf0cc8d71d1f32055d774490d5f6dedf8,6786
- original:
    hackage: base-orphans-0.8.4@sha256:9a70dc95761ab9a9d49a038a4599b7b7945d486d80ed1678f347445bc336f3e0,3149
  completed:
    pantry-tree:
      sha256: a0bef7fa45e025ba23bf18d11240abc02cf82a4b9c087833af719d19427fe799
      size: 1272
    hackage: base-orphans-0.8.4@sha256:9a70dc95761ab9a9d49a038a4599b7b7945d486d80ed1678f347445bc336f3e0,3149
- original:
    hackage: base-prelude-1.4@sha256:feea99326853023fa9f908308383a7f9802e40f2d241b83dac57b266b202bda6,1412
  completed:
    pantry-tree:
      sha256: 89c097b83439c4b044b6ae8e43e6cee790ac12ab51cd9f47273b38237fd69eea
      size: 271
    hackage: base-prelude-1.4@sha256:feea99326853023fa9f908308383a7f9802e40f2d241b83dac57b266b202bda6,1412
- original:
    hackage: bifunctors-5.5.11@sha256:bee555a403171a7959459e0fb31934f785f2ad0a2d3485b62137b5a9be6c47ad,3766
  completed:
    pantry-tree:
      sha256: 2434122ffbc5835255cb979f193bdcc65cfaefcbec45e8f022e0c003f1d71a6d
      size: 1758
    hackage: bifunctors-5.5.11@sha256:bee555a403171a7959459e0fb31934f785f2ad0a2d3485b62137b5a9be6c47ad,3766
- original:
    hackage: binary-parser-0.5.7@sha256:561ef32023481840183bc081c27e05611c22737cd907d292d7c400a928d47471,2605
  completed:
    pantry-tree:
      sha256: 5afa971ed6c0c0bf0786c087a6eceb3f4f3cb3171f19d4dca964a405a14e5a78
      size: 347
    hackage: binary-parser-0.5.7@sha256:561ef32023481840183bc081c27e05611c22737cd907d292d7c400a928d47471,2605
- original:
    hackage: comonad-5.0.8@sha256:a3a140be7a21d6ba16bf9102bf4c79455ff3213679311587bac45ba0723c8d7a,3492
  completed:
    pantry-tree:
      sha256: c448878c6b55dece92a8f76566f13dff9fafe46fe911598f1353ae7b55153f41
      size: 1618
    hackage: comonad-5.0.8@sha256:a3a140be7a21d6ba16bf9102bf4c79455ff3213679311587bac45ba0723c8d7a,3492
- original:
    hackage: deferred-folds-0.9.17@sha256:1cd2ef9e1aa305fac1b6b9cabeb371bb95bedaac0444c1e7959f622350c86d69,2986
  completed:
    pantry-tree:
      sha256: 2da142742bfc31b6026daacde0e61a1e23c22c2ab7f7f3f6bd578d4ddec07d10
      size: 1038
    hackage: deferred-folds-0.9.17@sha256:1cd2ef9e1aa305fac1b6b9cabeb371bb95bedaac0444c1e7959f622350c86d69,2986
- original:
    hackage: distributive-0.6.2.1@sha256:2823eff05c6b093492efe804027e7cf82757221f934964c76106ac3248899b89,2874
  completed:
    pantry-tree:
      sha256: bf97136853fad2c7e4f8800248ace71be3a125aa262313626f6cc6708634f57a
      size: 735
    hackage: distributive-0.6.2.1@sha256:2823eff05c6b093492efe804027e7cf82757221f934964c76106ac3248899b89,2874
- original:
    hackage: network-ip-0.3.0.3@sha256:c4ad7c7e4c1bc10fb7ad117343e55496c69568986229be060e2eef8a65d6e9c7,1569
  completed:
    pantry-tree:
      sha256: 809b4745fad63675ede5fa4278c63d9cb4161b801a20ba76d9a9e7ec88a5681a
      size: 322
    hackage: network-ip-0.3.0.3@sha256:c4ad7c7e4c1bc10fb7ad117343e55496c69568986229be060e2eef8a65d6e9c7,1569
- original:
    hackage: primitive-0.7.1.0@sha256:29de6bfd0cf8ba023ceb806203dfbec0e51e3524e75ffe41056f70b4229c6f0f,2728
  completed:
    pantry-tree:
      sha256: 606ab4ce691cb886b13760bba1b2380ba91b5d0f1a5ff20fa753577ab9eda70b
      size: 1376
    hackage: primitive-0.7.1.0@sha256:29de6bfd0cf8ba023ceb806203dfbec0e51e3524e75ffe41056f70b4229c6f0f,2728
- original:
    hackage: resource-pool-0.2.3.2@sha256:0955486bc1db37e4eb27acb964185f9e9cb8ad5ce054c85e1e6fd7562b2d7542,1375
  completed:
    pantry-tree:
      sha256: 07d0db63c72372262b29bb9c8ba63ab6dc1c1779c519c6e65e5fdc7a245ef4eb
      size: 267
    hackage: resource-pool-0.2.3.2@sha256:0955486bc1db37e4eb27acb964185f9e9cb8ad5ce054c85e1e6fd7562b2d7542,1375
- original:
    hackage: scientific-0.3.7.0@sha256:0f188a7b92780d81a2e3cf1195a3a24cfe3e7c43d0e9e0f2101a465803d68076,4773
  completed:
    pantry-tree:
      sha256: bf2a42f08eea0d1845aaf1d4897b2c9c7d1d7da6ed4a07f481b38224f6be3f3c
      size: 657
    hackage: scientific-0.3.7.0@sha256:0f188a7b92780d81a2e3cf1195a3a24cfe3e7c43d0e9e0f2101a465803d68076,4773
- original:
    hackage: tagged-0.8.6.1@sha256:5ddf1e324c3cd644f097a48bf490f0bedf467f723fd240afb3ab3b750577f8e7,2874
  completed:
    pantry-tree:
      sha256: 74bf409587860adae6002f545e591633d75b6f31bb9094eca020d3715434b708
      size: 496
    hackage: tagged-0.8.6.1@sha256:5ddf1e324c3cd644f097a48bf490f0bedf467f723fd240afb3ab3b750577f8e7,2874
- original:
    hackage: unordered-containers-0.2.14.0@sha256:2fe789f78246b7c7ec10d7b85c72d898a9f72fdda5b60d581e839d21016bc628,4992
  completed:
    pantry-tree:
      sha256: 5121130cab52b113a4b8affcf330fee1f896716f47e170893d72a301f9d27233
      size: 1388
    hackage: unordered-containers-0.2.14.0@sha256:2fe789f78246b7c7ec10d7b85c72d898a9f72fdda5b60d581e839d21016bc628,4992
- original:
    hackage: uuid-1.3.15@sha256:9444467f4104f5af6c0c29e5082f924750d1c4617a08461b0a4eaa490a1a28d2,2561
  completed:
    pantry-tree:
      sha256: 6751a9238a77808920fde96fc50a87770f0c7127f706b74cedb70721cc5650be
      size: 739
    hackage: uuid-1.3.15@sha256:9444467f4104f5af6c0c29e5082f924750d1c4617a08461b0a4eaa490a1a28d2,2561
- original:
    hackage: base-compat-batteries-0.11.2@sha256:eb3b976007754ddc16e8d4afacdd1e575ae746edb57dcd0a1a728ccd4b372a69,8804
  completed:
    pantry-tree:
      sha256: d0377131f915a089a2d723d9c4ed040a810fc738b51fb7e78b74083527ee5d60
      size: 10877
    hackage: base-compat-batteries-0.11.2@sha256:eb3b976007754ddc16e8d4afacdd1e575ae746edb57dcd0a1a728ccd4b372a69,8804
- original:
    hackage: cryptohash-md5-0.11.100.1@sha256:d293d6f08dc7d9e9e984b3a9a4e822a463417b6f6ba5845bc9dbd3cc9cdb36a4,3964
  completed:
    pantry-tree:
      sha256: e7a28950af8b040d348cc0e6ae823a8cf17543f68d43b4075bd8a7f9aba6a33e
      size: 502
    hackage: cryptohash-md5-0.11.100.1@sha256:d293d6f08dc7d9e9e984b3a9a4e822a463417b6f6ba5845bc9dbd3cc9cdb36a4,3964
- original:
    hackage: cryptohash-sha1-0.11.100.1@sha256:ec4d5bab6fc413847e3120ee3964fa23d0818beb9cbecfe8ad30f2876bee3783,4354
  completed:
    pantry-tree:
      sha256: d8ee4d073f5375a77273008c3b4eb17cd66aaa71f3937c2bd1fb7243df8cba38
      size: 508
    hackage: cryptohash-sha1-0.11.100.1@sha256:ec4d5bab6fc413847e3120ee3964fa23d0818beb9cbecfe8ad30f2876bee3783,4354
- original:
    hackage: data-default-class-0.1.2.0@sha256:63e62120b7efd733a5a17cf59ceb43268e9a929c748127172d7d42f4a336e327,542
  completed:
    pantry-tree:
      sha256: 5017630b11698aefa65fc61cab84a257ce97833c968d425e1b2d53d6c3b5c096
      size: 224
    hackage: data-default-class-0.1.2.0@sha256:63e62120b7efd733a5a17cf59ceb43268e9a929c748127172d7d42f4a336e327,542
- original:
    hackage: data-dword-0.3.2@sha256:6b12e064533c8c1dc89b609cfef4ad4d27c654968774c88cf0fcd951abeae3ca,1593
  completed:
    pantry-tree:
      sha256: 91489214959c8d23f840250a6fc9bf7cf5216696f356234fb9faf739d0819388
      size: 509
    hackage: data-dword-0.3.2@sha256:6b12e064533c8c1dc89b609cfef4ad4d27c654968774c88cf0fcd951abeae3ca,1593
- original:
    hackage: data-endian-0.1.1@sha256:70139877a29ec21ea6226919c4f6353fe097bf03a4fa0b97c8c157e4c1692bc6,768
  completed:
    pantry-tree:
      sha256: a0139fbac6dbe19cfa632d5d2c30f68b7e507cc5ba10e8e46846f44908d8cf7b
      size: 213
    hackage: data-endian-0.1.1@sha256:70139877a29ec21ea6226919c4f6353fe097bf03a4fa0b97c8c157e4c1692bc6,768
- original:
    hackage: data-fix-0.3.1@sha256:7aee2c0633632479cef93c8000befd5bc950ba7c329d69e918ca520944164e27,1645
  completed:
    pantry-tree:
      sha256: 8802b0b00dfbbd8526aec56d31f8dd7193b0af4f694144958c3ab08dd1f60f78
      size: 261
    hackage: data-fix-0.3.1@sha256:7aee2c0633632479cef93c8000befd5bc950ba7c329d69e918ca520944164e27,1645
- original:
    hackage: data-serializer-0.3.5@sha256:50eed159b9f5bf7228625094a5d2db7854814db04429a5d0e387c3802fd64631,1737
  completed:
    pantry-tree:
      sha256: c9c1e77d117d0fc844ff07117b8fdd6d0369302431743a2a68b6f4cc9527b6ec
      size: 392
    hackage: data-serializer-0.3.5@sha256:50eed159b9f5bf7228625094a5d2db7854814db04429a5d0e387c3802fd64631,1737
- original:
    hackage: data-textual-0.3.0.3@sha256:af032a3a5b9c356cff6211bad40cb1eacbf85bd5ad5ff0ad5c341fda26c571c0,1582
  completed:
    pantry-tree:
      sha256: 90e57b9625bef8fc48674e69931d0b21fcbd6cf964bd851d6c654116eb766d37
      size: 463
    hackage: data-textual-0.3.0.3@sha256:af032a3a5b9c356cff6211bad40cb1eacbf85bd5ad5ff0ad5c341fda26c571c0,1582
- original:
    hackage: entropy-0.4.1.6@sha256:49ba23558a717d695724e5f10d9f4040f42db805a9fab774942c44c782f5de4b,3117
  completed:
    pantry-tree:
      sha256: 0463cc8890927388aa23ed405d8f5c9be04bd08112af54e826940c0c1d4d3f8d
      size: 743
    hackage: entropy-0.4.1.6@sha256:49ba23558a717d695724e5f10d9f4040f42db805a9fab774942c44c782f5de4b,3117
- original:
    hackage: foldl-1.4.11@sha256:c3ab1924bb6ed8e49eed632515d965b884b896a3951209566baac60927e35d53,2566
  completed:
    pantry-tree:
      sha256: 92b63c2c83758a5d70d4b61c45e880a3521dbcdb28feaf2b55407eacb6562c8b
      size: 959
    hackage: foldl-1.4.11@sha256:c3ab1924bb6ed8e49eed632515d965b884b896a3951209566baac60927e35d53,2566
- original:
    hackage: indexed-traversable-0.1.1@sha256:e330ec1ab336ee2fb1eff117ebe3480d1663396fecd981f185b7123dc7941ae1,2469
  completed:
    pantry-tree:
      sha256: 52d8bab517f47381ad864f636c89c5d23bc862c28d7bd826f930975c3c37a228
      size: 495
    hackage: indexed-traversable-0.1.1@sha256:e330ec1ab336ee2fb1eff117ebe3480d1663396fecd981f185b7123dc7941ae1,2469
- original:
    hackage: integer-logarithms-1.0.3.1@sha256:888fb6c4fbd79ed2e8f8b94b61bccac25f7fab2b13b32b496e86828bc60b17cf,3184
  completed:
    pantry-tree:
      sha256: 2acf4af718486ea69edd023edd333f836fdd52a07e2211677b5bf22d78da41db
      size: 865
    hackage: integer-logarithms-1.0.3.1@sha256:888fb6c4fbd79ed2e8f8b94b61bccac25f7fab2b13b32b496e86828bc60b17cf,3184
- original:
    hackage: monad-control-1.0.2.3@sha256:a3ae888d2fed2e2a0ca33ae11e2480219e07312bccf1a02ffe2ba2e3ec5913ee,2255
  completed:
    pantry-tree:
      sha256: 519fea66a13faf24c4a980d19c58f81af5cf519a2ddcc0c199a8f8f3bf0299b8
      size: 334
    hackage: monad-control-1.0.2.3@sha256:a3ae888d2fed2e2a0ca33ae11e2480219e07312bccf1a02ffe2ba2e3ec5913ee,2255
- original:
    hackage: network-info-0.2.0.10@sha256:cda87030e0e7adc56696006035fc322d5a6b8b0b41dd6d339ea630484de1711e,1717
  completed:
    pantry-tree:
      sha256: 7e95006c5acef2b50afc2b70ab7fe02832eae49083913dfb6fdf0674f09d41d6
      size: 847
    hackage: network-info-0.2.0.10@sha256:cda87030e0e7adc56696006035fc322d5a6b8b0b41dd6d339ea630484de1711e,1717
- original:
    hackage: parsers-0.12.10@sha256:6367145ea9cdb8382f407548a25d20d4435f437baef76f27e56cd5f1a3c1ec96,3428
  completed:
    pantry-tree:
      sha256: 90e8dc8d68cf4d8cc9e3bb3dceceef206228480ef4baad1aa7870f784ac31286
      size: 982
    hackage: parsers-0.12.10@sha256:6367145ea9cdb8382f407548a25d20d4435f437baef76f27e56cd5f1a3c1ec96,3428
- original:
    hackage: random-1.2.0@sha256:30d72df4cc1d2fe2d445c88f0ee9d21965af7ce86660c43a6c32a6a1d90d51c9,6094
  completed:
    pantry-tree:
      sha256: 92b5a834ba603ee4d006968a75847f4fd93a566b8a96e1b463b8229f8ce9961d
      size: 1259
    hackage: random-1.2.0@sha256:30d72df4cc1d2fe2d445c88f0ee9d21965af7ce86660c43a6c32a6a1d90d51c9,6094
- original:
    hackage: strict-0.4.0.1@sha256:08cf72ad570fddfe3b3424117bf20a303a1fb21047b40c1d6c8004c0e3e02a0b,4124
  completed:
    pantry-tree:
      sha256: f490c0ecce59996cdd154e753de05733a3edbb9f65d1b768133e6f79f73de572
      size: 654
    hackage: strict-0.4.0.1@sha256:08cf72ad570fddfe3b3424117bf20a303a1fb21047b40c1d6c8004c0e3e02a0b,4124
- original:
    hackage: text-printer-0.5.0.1@sha256:9171204826a67c97bc3578968d8b3dcfbd81be08dfd18fef2af71eaf7b2737b1,1502
  completed:
    pantry-tree:
      sha256: 656053744f42551bc9cffd76746bfae77a249f54ca69497f6835e35312c7b5bb
      size: 461
    hackage: text-printer-0.5.0.1@sha256:9171204826a67c97bc3578968d8b3dcfbd81be08dfd18fef2af71eaf7b2737b1,1502
- original:
    hackage: th-abstraction-0.4.2.0@sha256:6ba7b201931f614173755f060fdf98f02095df68c1f7bc3e2691cf9d443e81f9,2194
  completed:
    pantry-tree:
      sha256: 9e29dc5083e377432696a48b83b12dda1820f24b3e47fcb4df5b6cd682985fd5
      size: 670
    hackage: th-abstraction-0.4.2.0@sha256:6ba7b201931f614173755f060fdf98f02095df68c1f7bc3e2691cf9d443e81f9,2194
- original:
    hackage: these-1.1.1.1@sha256:e981c65228db5ae77a043631f74a1e4a4b770f7213866f584e3476b52512f1af,2631
  completed:
    pantry-tree:
      sha256: f049b5e53b8636fba73497f36244cb8c2f1515ee8a07469335d260258d6f9551
      size: 351
    hackage: these-1.1.1.1@sha256:e981c65228db5ae77a043631f74a1e4a4b770f7213866f584e3476b52512f1af,2631
- original:
    hackage: time-compat-1.9.6@sha256:d8f73e5656bb70877cd9d6ee399e78627093b42065fe573c7a2a6644183d88e4,4976
  completed:
    pantry-tree:
      sha256: cac0dbe3e491a7793b80f0439ca3faa1d08a3269edaad4a80ededa4522c11279
      size: 4112
    hackage: time-compat-1.9.6@sha256:d8f73e5656bb70877cd9d6ee399e78627093b42065fe573c7a2a6644183d88e4,4976
- original:
    hackage: transformers-base-0.4.5.2@sha256:e4d8155470905ba2942033a1537fc4cf91927d1c9b34693fd57ddf3bc02334af,1550
  completed:
    pantry-tree:
      sha256: de1ab09cfb378c269105d6fcfa0fa9820081c2d1d91c87503a5f10068a4119e7
      size: 275
    hackage: transformers-base-0.4.5.2@sha256:e4d8155470905ba2942033a1537fc4cf91927d1c9b34693fd57ddf3bc02334af,1550
- original:
    hackage: transformers-compat-0.6.6@sha256:510709db2b12d1510d70de824ee544ca0a9e6f27aa7e299218cbacc0750b4a5e,5560
  completed:
    pantry-tree:
      sha256: e53f7b8deb576db7baa6e4c13a7c9904cd247f6e4807bd12a058d1527197064e
      size: 1777
    hackage: transformers-compat-0.6.6@sha256:510709db2b12d1510d70de824ee544ca0a9e6f27aa7e299218cbacc0750b4a5e,5560
- original:
    hackage: type-hint-0.1@sha256:c4847dab64cda36b0cffe8b7e1fc38a9c26c9aad36129c4e23d6e817ec93815c,973
  completed:
    pantry-tree:
      sha256: 47270a743db215c9e6da541e9ed612c83ec648d02c8f57a803c1ae32c2d118dd
      size: 257
    hackage: type-hint-0.1@sha256:c4847dab64cda36b0cffe8b7e1fc38a9c26c9aad36129c4e23d6e817ec93815c,973
- original:
    hackage: uuid-types-1.0.5@sha256:5031383749d57cb95877d7e56f0300be66652b6e57f5ba6681dcc6e4f78d046d,2541
  completed:
    pantry-tree:
      sha256: e11a2bc87a8c811480a62f6cf08a2e53480b468b0fdf6fbe1c063f207b6aa796
      size: 480
    hackage: uuid-types-1.0.5@sha256:5031383749d57cb95877d7e56f0300be66652b6e57f5ba6681dcc6e4f78d046d,2541
- original:
    hackage: assoc-1.0.2@sha256:a824e4f615469a27ad949dbf4907ba258bd6b459deebec00524c7bcb3f65cc9f,1205
  completed:
    pantry-tree:
      sha256: 0f909dd8aecabf2eab787a14e679083056abf14f97ed473ba642dac031dffc9f
      size: 290
    hackage: assoc-1.0.2@sha256:a824e4f615469a27ad949dbf4907ba258bd6b459deebec00524c7bcb3f65cc9f,1205
- original:
    hackage: base-compat-0.11.2@sha256:f95374022a56e8c74a289e2b70ec50a1365f58b5f1f50f5c7f0fc14edf88f30e,7230
  completed:
    pantry-tree:
      sha256: a086220241249f89a69189cc09bade06a4c2bf8e71ccce4a57ea5114392a6fd5
      size: 8766
    hackage: base-compat-0.11.2@sha256:f95374022a56e8c74a289e2b70ec50a1365f58b5f1f50f5c7f0fc14edf88f30e,7230
- original:
    hackage: cereal-0.5.8.1@sha256:37cb7a78c84412e94592a658768320c41f015f2b8707a433de835afb8ebc18d7,2767
  completed:
    pantry-tree:
      sha256: 65ec816e5c39253f0060b8b1019450f5c6fa1e0c06c1c7b4a36f09e186a607fd
      size: 641
    hackage: cereal-0.5.8.1@sha256:37cb7a78c84412e94592a658768320c41f015f2b8707a433de835afb8ebc18d7,2767
- original:
    hackage: charset-0.3.8@sha256:5e3a51797914c180fcab3c6a0a482bf9186f419541f86d65d3da728c407d51e7,1631
  completed:
    pantry-tree:
      sha256: 60076a39f641777baef61bfd06fb4ed7c41a04787c6599124d4592aa302f62f9
      size: 893
    hackage: charset-0.3.8@sha256:5e3a51797914c180fcab3c6a0a482bf9186f419541f86d65d3da728c407d51e7,1631
- original:
    hackage: data-bword-0.1.0.1@sha256:073434c1367f70934bd8e978ee47e026d4d9dd31511304cce2c95144f0180242,1197
  completed:
    pantry-tree:
      sha256: 7309ae7f8b3e9f3b361b4f804758fb7d850000ce3d6e372d0c6683de7fea29a1
      size: 321
    hackage: data-bword-0.1.0.1@sha256:073434c1367f70934bd8e978ee47e026d4d9dd31511304cce2c95144f0180242,1197
- original:
    hackage: mwc-random-0.15.0.1@sha256:48e4b01a7447671b8bd13957de65f19ef41ee0376083c0c501e179e68768276a,3372
  completed:
    pantry-tree:
      sha256: bc1d61a2709496ebb5e2d7245433bc176e931be090c3260154702c06c7899546
      size: 721
    hackage: mwc-random-0.15.0.1@sha256:48e4b01a7447671b8bd13957de65f19ef41ee0376083c0c501e179e68768276a,3372
- original:
    hackage: semigroupoids-5.3.5@sha256:5ccdfc9937718901b2c4a6829381bc62ebd1368945f89b4afe3ec5d5beae6a12,7221
  completed:
    pantry-tree:
      sha256: b0127bd0e5423c6ac9ae47053e903acb75ac08238d47b26e823131887ec0108f
      size: 1834
    hackage: semigroupoids-5.3.5@sha256:5ccdfc9937718901b2c4a6829381bc62ebd1368945f89b4afe3ec5d5beae6a12,7221
- original:
    hackage: semigroups-0.19.1@sha256:ecae129621e0d2f77bef2f01e4458c2e0567ab6e1f39579c61d7cec8058ebb0e,6262
  completed:
    pantry-tree:
      sha256: 61160272cccf0dcffe7fe23b7644412b959a8ec232bed4d43be235176f0bd90b
      size: 534
    hackage: semigroups-0.19.1@sha256:ecae129621e0d2f77bef2f01e4458c2e0567ab6e1f39579c61d7cec8058ebb0e,6262
- original:
    hackage: split-0.2.3.4@sha256:048c75891d63a03828f97667214aaaf0e67b7dcbfec297753e39939ffda6f51a,2647
  completed:
    pantry-tree:
      sha256: 72c550dd427dc15a2195e16c84bdb4712060fe601d87e95674154b44403550d9
      size: 439
    hackage: split-0.2.3.4@sha256:048c75891d63a03828f97667214aaaf0e67b7dcbfec297753e39939ffda6f51a,2647
- original:
    hackage: splitmix-0.1.0.3@sha256:fc3aae74c467f4b608050bef53aec17904a618731df9407e655d8f3bf8c32d5c,6049
  completed:
    pantry-tree:
      sha256: 8290f921f41c3628a6c9871502e57fd1d25f5954967afbf4ed16717fd8d3656f
      size: 1400
    hackage: splitmix-0.1.0.3@sha256:fc3aae74c467f4b608050bef53aec17904a618731df9407e655d8f3bf8c32d5c,6049
- original:
    hackage: text-latin1-0.3.1@sha256:f7da16a5447d51d5de0992a5ecb11ecf3e03d2da9a4f3f66da4e8b3f59a3f3e7,1215
  completed:
    pantry-tree:
      sha256: 42e481642d9cf3f47a604a7d02a95daa7dfd6e9b050deaf62b98a0dd9179c646
      size: 321
    hackage: text-latin1-0.3.1@sha256:f7da16a5447d51d5de0992a5ecb11ecf3e03d2da9a4f3f66da4e8b3f59a3f3e7,1215
- original:
    hackage: case-insensitive-1.2.1.0@sha256:9dfd3171fc7698cf8d931727d3af3a7b389135b583e46b5adac1f9d2026fff61,2244
  completed:
    pantry-tree:
      sha256: d6f175b17eacce002fc5336c17e119d989bd97f8ad9702446163c9e27c7c79b7
      size: 688
    hackage: case-insensitive-1.2.1.0@sha256:9dfd3171fc7698cf8d931727d3af3a7b389135b583e46b5adac1f9d2026fff61,2244
- original:
    hackage: data-checked-0.3@sha256:beb83f47ffc398faa684e822aa327d07c36db366f675222cc71ce6a3b83b07d7,927
  completed:
    pantry-tree:
      sha256: d1e2dc2a7e3e2a6a844b73ca3819b0a8b78f57225d1b25efcdaf5270a231139d
      size: 282
    hackage: data-checked-0.3@sha256:beb83f47ffc398faa684e822aa327d07c36db366f675222cc71ce6a3b83b07d7,927
- original:
    hackage: math-functions-0.3.4.2@sha256:5d942f0d6478c2a6b22049c033943538f8dd357c66ff874d328082136433cafb,4791
  completed:
    pantry-tree:
      sha256: d966a0e79bb1d7acfc3f07d1a56a2f0b9c34330dc812edd3d47f9ab9f2f23429
      size: 3112
    hackage: math-functions-0.3.4.2@sha256:5d942f0d6478c2a6b22049c033943538f8dd357c66ff874d328082136433cafb,4791
- original:
    hackage: async-2.2.3@sha256:0cbefb8247308b38e397e675f832b9bd5317ff1872001d5358f213654423c55b,2920
  completed:
    pantry-tree:
      sha256: 377430ac1100914cf69806a4b0471d6e2757da539f04462e5bbd1072e0ad1c80
      size: 501
    hackage: async-2.2.3@sha256:0cbefb8247308b38e397e675f832b9bd5317ff1872001d5358f213654423c55b,2920
- original:
    hackage: relude-1.0.0.1@sha256:35bcdaf14018e79f11e712b0e2314c1aac79976f28f4adc179985457493557d5,11569
  completed:
    pantry-tree:
      sha256: ead687d39d06c841de36fc214402ad4389e8837284485cfe52d975f51b274e81
      size: 4282
    hackage: relude-1.0.0.1@sha256:35bcdaf14018e79f11e712b0e2314c1aac79976f28f4adc179985457493557d5,11569
- original:
    hackage: immortal-queue-0.1.0.1@sha256:d474382059fb536627331686ec7eca03788f0849b7f0b6117e0b6e108f46118f,2809
  completed:
    pantry-tree:
      sha256: a8df52528264169b083aa7e568a31187038330572bf3979155d15b5610309f53
      size: 442
    hackage: immortal-queue-0.1.0.1@sha256:d474382059fb536627331686ec7eca03788f0849b7f0b6117e0b6e108f46118f,2809
- original:
    hackage: immortal-0.3@sha256:a84c83c876fac7e45548f713db4b5c10ea4ad73a75978b8bc354f79313bd6754,1180
  completed:
    pantry-tree:
      sha256: a42c2acdba28daa4d36529ea3965add1404bd30e24f2c14dd835091f8d61fe03
      size: 370
    hackage: immortal-0.3@sha256:a84c83c876fac7e45548f713db4b5c10ea4ad73a75978b8bc354f79313bd6754,1180
- original:
    hackage: unliftio-core-0.2.0.1@sha256:9b3e44ea9aacacbfc35b3b54015af450091916ac3618a41868ebf6546977659a,1082
  completed:
    pantry-tree:
      sha256: e81c5a1e82ec2cd68cbbbec9cd60567363abe02257fa1370a906f6754b6818b8
      size: 328
    hackage: unliftio-core-0.2.0.1@sha256:9b3e44ea9aacacbfc35b3b54015af450091916ac3618a41868ebf6546977659a,1082
- original:
    hackage: stm-containers-1.2@sha256:a887f2e7692b7cf20e0b081e2d66e21076e2bd4b57016ec59c484edfa2d29397,3244
  completed:
    pantry-tree:
      sha256: 20b1076bdb121347ccc512a67df697eed34815a8e35279b6b9a0951963b1eba2
      size: 761
    hackage: stm-containers-1.2@sha256:a887f2e7692b7cf20e0b081e2d66e21076e2bd4b57016ec59c484edfa2d29397,3244
- original:
    hackage: focus-1.0.2@sha256:b3f754cee10d6d1a0893ad5bffc0e614b60f5e80eda6fff7bd45b92a9df42823,2646
  completed:
    pantry-tree:
      sha256: 22a862dbf8b41c84391f95192ac18dfac6c44ad288e91cb4d2bd02785d05a42a
      size: 325
    hackage: focus-1.0.2@sha256:b3f754cee10d6d1a0893ad5bffc0e614b60f5e80eda6fff7bd45b92a9df42823,2646
- original:
    hackage: list-t-1.0.4@sha256:da53e925d03cacd9e9f65cb63615221e5fd25e6e310febe1455323655de68020,2501
  completed:
    pantry-tree:
      sha256: b46af6a832000927eb23c9312fd1c7a9f7852ddc20471ce7075b7d5c328d2925
      size: 326
    hackage: list-t-1.0.4@sha256:da53e925d03cacd9e9f65cb63615221e5fd25e6e310febe1455323655de68020,2501
- original:
    hackage: stm-hamt-1.2.0.6@sha256:fba86ccb4b45c5706c19b0e1315ba63dcac3b5d71de945ec001ba921fae80061,3972
  completed:
    pantry-tree:
      sha256: 1920790535af832b76e7583c33ecf51f8b0b0c3615ef1db1c8ed9be19622c1db
      size: 1009
    hackage: stm-hamt-1.2.0.6@sha256:fba86ccb4b45c5706c19b0e1315ba63dcac3b5d71de945ec001ba921fae80061,3972
- original:
    hackage: mmorph-1.1.5@sha256:9487ce601cbc3403c844c23a6fddb48f6b69a0097b77493670a45fc7a442fb20,1036
  completed:
    pantry-tree:
      sha256: cf07fbaa1f5eb5d60c4c6b581f9ee911dfc9b23d737f2730430f2925fdaae376
      size: 346
    hackage: mmorph-1.1.5@sha256:9487ce601cbc3403c844c23a6fddb48f6b69a0097b77493670a45fc7a442fb20,1036
- original:
    hackage: primitive-extras-0.10.1@sha256:be21c87b5ffce1cd6e3cc179ee8667fcc9323e323f21c78c99686773ededbf2f,2957
  completed:
    pantry-tree:
      sha256: bff74e4dff12a92fdca90e5909d4d000051bc13753104ea11b0ab63805309fab
      size: 1096
    hackage: primitive-extras-0.10.1@sha256:be21c87b5ffce1cd6e3cc179ee8667fcc9323e323f21c78c99686773ededbf2f,2957
- original:
    hackage: primitive-unlifted-0.1.3.0@sha256:a98f827740f5dcf097d885b3a47c32f4462204449620abc9d51b8c4f8619f9e6,1427
  completed:
    pantry-tree:
      sha256: c882dca2a96b98d02b0d21875b651edb11ac67d90e736c0de7a92c410a19eb7f
      size: 420
    hackage: primitive-unlifted-0.1.3.0@sha256:a98f827740f5dcf097d885b3a47c32f4462204449620abc9d51b8c4f8619f9e6,1427
- original:
    hackage: text-short-0.1.3@sha256:db924a1fffb3cf20f2cb6b32d8bc1281b181a57c1a84b1c8c8ff4608234a5ef2,3296
  completed:
    pantry-tree:
      sha256: dbc329c743f2bbdedd83c37f6e5f6b2d4762f23b19614cbb207a38c0cdb32005
      size: 773
    hackage: text-short-0.1.3@sha256:db924a1fffb3cf20f2cb6b32d8bc1281b181a57c1a84b1c8c8ff4608234a5ef2,3296
- original:
    hackage: deriving-aeson-0.2.7@sha256:4565961c5c1b5c3c6d696d89a90aea3185a5ba858d4a481315d9b4310689ccf0,1277
  completed:
    pantry-tree:
      sha256: 3c23bf56216e96e5e79f0de7dd2a947b4cefd594a62782d016bb62e6d27f7145
      size: 441
    hackage: deriving-aeson-0.2.7@sha256:4565961c5c1b5c3c6d696d89a90aea3185a5ba858d4a481315d9b4310689ccf0,1277
- original:
    hackage: hasql-transaction-1.0.0.2@sha256:2f4f360f9feb205a1d0611822fdd96e5ca5a061b59b2edd2380e10b40f77754d,2892
  completed:
    pantry-tree:
      sha256: 4804ab6d83c43fa45176f8fb19c7c55878906889089941bf7c4d10988f82b835
      size: 1028
    hackage: hasql-transaction-1.0.0.2@sha256:2f4f360f9feb205a1d0611822fdd96e5ca5a061b59b2edd2380e10b40f77754d,2892
- original:
    hackage: bytestring-tree-builder-0.2.7.9@sha256:550dbdefc7c9f9587f7d9a32f9b01ce3d948700fcab5dd4240d52f29fb15c516,3803
  completed:
    pantry-tree:
      sha256: 863af8dc8756493b6b3d454baed95b794a1a5e98186c1e09f5bd92454913fa70
      size: 594
    hackage: bytestring-tree-builder-0.2.7.9@sha256:550dbdefc7c9f9587f7d9a32f9b01ce3d948700fcab5dd4240d52f29fb15c516,3803
- original:
    hackage: contravariant-extras-0.3.5.2@sha256:751410d57a5095d38051380633c69898ee05d80d693a875f89a6d32fbbe09660,1672
  completed:
    pantry-tree:
      sha256: 36e31cd20ff0a44b11cbb48e9a952decf04b6263df86fd52fdcabc68759714d1
      size: 719
    hackage: contravariant-extras-0.3.5.2@sha256:751410d57a5095d38051380633c69898ee05d80d693a875f89a6d32fbbe09660,1672
- original:
    hackage: co-log-0.4.0.1@sha256:3d4c17f37693c80d1aa2c41669bc3438fac3e89dc5f479e57d79bc3ddc4dfcc5,5087
  completed:
    pantry-tree:
      sha256: e73165ff8f744709428e2e87984c9d60ca1cec43d8455c413181c7c466e7497c
      size: 1126
    hackage: co-log-0.4.0.1@sha256:3d4c17f37693c80d1aa2c41669bc3438fac3e89dc5f479e57d79bc3ddc4dfcc5,5087
- original:
    hackage: template-haskell-compat-v0208-0.1.5@sha256:4aca2133f8a4eb83a64a5a6d5771e9147efba3321d29b462b51458c660a94746,1522
  completed:
    pantry-tree:
      sha256: 4adaf4d67d7d62ce476d7f71d32094f2502f966ffbcb5f791af32d126824ed33
      size: 341
    hackage: template-haskell-compat-v0208-0.1.5@sha256:4aca2133f8a4eb83a64a5a6d5771e9147efba3321d29b462b51458c660a94746,1522
- original:
    hackage: ansi-terminal-0.10.3@sha256:e2fbcef5f980dc234c7ad8e2fa433b0e8109132c9e643bc40ea5608cd5697797,3226
  completed:
    pantry-tree:
      sha256: 02f05d52be3ffcf36c78876629cbab80b63420672685371aea4fd10e1c4aabb6
      size: 1461
    hackage: ansi-terminal-0.10.3@sha256:e2fbcef5f980dc234c7ad8e2fa433b0e8109132c9e643bc40ea5608cd5697797,3226
- original:
    hackage: chronos-1.1.2@sha256:b38c48edd4f63069bbb6646f0f39d9a5ae21567ef3e031ddee514f7147cfd0b0,3886
  completed:
    pantry-tree:
      sha256: 9e25587117ee3aa7d9de26085cfb1b464275b45a33952985d44182892c6ef3e5
      size: 637
    hackage: chronos-1.1.2@sha256:b38c48edd4f63069bbb6646f0f39d9a5ae21567ef3e031ddee514f7147cfd0b0,3886
- original:
    hackage: co-log-core-0.2.1.1@sha256:1209cb589cf431c640f79d63b38b6cc8912a9f8397502b8c13e0959b13212bd6,3574
  completed:
    pantry-tree:
      sha256: f893bd4a8cc16ca1fdd1f6dedefd2239d261c0f926eafb444d01364d5898a0e2
      size: 584
    hackage: co-log-core-0.2.1.1@sha256:1209cb589cf431c640f79d63b38b6cc8912a9f8397502b8c13e0959b13212bd6,3574
- original:
    hackage: markdown-unlit-0.5.1@sha256:9815c9e0f95b3a7fd85a9526e4293ac3d4d84559d7c3a6e7c30c30cfbaf864c6,1763
  completed:
    pantry-tree:
      sha256: a671b6a7c8d870f329b83a917aff96514e77910978f84512fc443d6e39cdf4fe
      size: 403
    hackage: markdown-unlit-0.5.1@sha256:9815c9e0f95b3a7fd85a9526e4293ac3d4d84559d7c3a6e7c30c30cfbaf864c6,1763
- original:
    hackage: typerep-map-0.3.3.0@sha256:20510efab770158414ac7828d1eca063d795bcc724ac634dd13bc7a50b476f42,4681
  completed:
    pantry-tree:
      sha256: 30d61ac00807c3229b7b6ee274853f0ec1e272503a1b210ce10aad3db19f443a
      size: 1487
    hackage: typerep-map-0.3.3.0@sha256:20510efab770158414ac7828d1eca063d795bcc724ac634dd13bc7a50b476f42,4681
- original:
    hackage: colour-2.3.5@sha256:b27db0a3ad40d70bdbd8510a104269f8707592e80757a1abc66a22ba25e5a42f,1801
  completed:
    pantry-tree:
      sha256: ff0f5e24e9f669ceedfcae4d11fd6c68820bbaa2e07ab277368946e9b0f6f8a4
      size: 1183
    hackage: colour-2.3.5@sha256:b27db0a3ad40d70bdbd8510a104269f8707592e80757a1abc66a22ba25e5a42f,1801
- original:
    hackage: torsor-0.1@sha256:9c6f152650322357bee013a224d9d7ec8e8ae9fe32d8cee45f1431c49b0129e2,558
  completed:
    pantry-tree:
      sha256: 1cdb29bac471904bed3f44281a943929e696f696b9d2a43cce7d991b2cd9403b
      size: 249
    hackage: torsor-0.1@sha256:9c6f152650322357bee013a224d9d7ec8e8ae9fe32d8cee45f1431c49b0129e2,558
- original:
    hackage: unliftio-0.2.18@sha256:87fb541127d21939d3efc49ed9bc3df6eadc9eb06ffa7755fc857f62e15daf20,3395
  completed:
    pantry-tree:
      sha256: 05c77d0992eb1a9008f0fb9aa5a8b6869881cccca8b9b531faab172f426960b5
      size: 2423
    hackage: unliftio-0.2.18@sha256:87fb541127d21939d3efc49ed9bc3df6eadc9eb06ffa7755fc857f62e15daf20,3395
- original:
    hackage: ekg-core-0.1.1.7@sha256:c4356aefea0e1e2f80a236d3b3f81b83b445c1e53519302e96477da0adee2e9f,2039
  completed:
    pantry-tree:
      sha256: f403baeb7787c69c5e28f5aa1e94f78d4363beb19362d66f18de4a1aef0723fe
      size: 1073
    hackage: ekg-core-0.1.1.7@sha256:c4356aefea0e1e2f80a236d3b3f81b83b445c1e53519302e96477da0adee2e9f,2039
- original:
    hackage: monad-metrics-0.2.2.0@sha256:6c4d51d5d237c4085cea56625c3d364f39f6bf54d43b9dfa93e9cf3890e6a511,1914
  completed:
    pantry-tree:
      sha256: d873e6c5cc136dbcf9baa5b4f5e789e79e643f62a6dde28bedfe6f415a2e293d
      size: 457
    hackage: monad-metrics-0.2.2.0@sha256:6c4d51d5d237c4085cea56625c3d364f39f6bf54d43b9dfa93e9cf3890e6a511,1914
- original:
    hackage: clock-0.8.2@sha256:473ffd59765cc67634bdc55b63c699a85addf3a024089073ec2a862881e83e2a,4313
  completed:
    pantry-tree:
      sha256: 8c259cbab153b142020fcb1bd4ca787e0205b5faef6fa2457d83c5d726147a93
      size: 383
    hackage: clock-0.8.2@sha256:473ffd59765cc67634bdc55b63c699a85addf3a024089073ec2a862881e83e2a,4313
- original:
    hackage: microlens-0.4.12.0@sha256:2d799d17c9e36fb5a62fbed1f07231cf5e423d9d82ac24b5137263bcef1cc4ed,4520
  completed:
    pantry-tree:
      sha256: 86f299089b5ca23186e7e59d0804820e5ca09d5155ac43108b28282bd5d3caf3
      size: 461
    hackage: microlens-0.4.12.0@sha256:2d799d17c9e36fb5a62fbed1f07231cf5e423d9d82ac24b5137263bcef1cc4ed,4520
- original:
    hackage: ekg-prometheus-adapter-0.1.0.4@sha256:d95487be7f282976cfb23c5b3826eaa1a279aff1e3821b29cf60ad3164e903ab,1494
  completed:
    pantry-tree:
      sha256: 7879229e738c82a340a9c5584a39771df432ef2e36c62430ee2b4160e2f562cd
      size: 300
    hackage: ekg-prometheus-adapter-0.1.0.4@sha256:d95487be7f282976cfb23c5b3826eaa1a279aff1e3821b29cf60ad3164e903ab,1494
- original:
    hackage: microlens-th-0.4.3.10@sha256:601fe4d52e6b5e7246aedbde50ebb3096b6d7da331e603dc22d04d9dd577f7bf,2258
  completed:
    pantry-tree:
      sha256: e66eef492e2ed16ae0ad7c5f6bee440aca15743bcc737fda3705fb36e62ae486
      size: 558
    hackage: microlens-th-0.4.3.10@sha256:601fe4d52e6b5e7246aedbde50ebb3096b6d7da331e603dc22d04d9dd577f7bf,2258
- original:
    hackage: ekg-0.4.0.15@sha256:d6e48859a89fbbe23496f871581e44a41f97dac627c2b9db81f49b92fa066516,2031
  completed:
    pantry-tree:
      sha256: e56e9c0eadc309a27400af106a2d3133d70ad0a3bbbb9be2c54e837ccdb4a77d
      size: 1495
    hackage: ekg-0.4.0.15@sha256:d6e48859a89fbbe23496f871581e44a41f97dac627c2b9db81f49b92fa066516,2031
- original:
    hackage: ekg-json-0.1.0.6@sha256:e16efc1b09ae7635db3f0535335ee3e8aa666fe4bf3749783f4022020f6ca3b8,1050
  completed:
    pantry-tree:
      sha256: 09239a4e3ab0d58be0ac360d41c491df017f4a18ba558fd67909e24f14caece7
      size: 265
    hackage: ekg-json-0.1.0.6@sha256:e16efc1b09ae7635db3f0535335ee3e8aa666fe4bf3749783f4022020f6ca3b8,1050
- original:
    hackage: snap-core-1.0.4.2@sha256:cf0ee4e6fb1ffe85e74054d129ad13f16b251db1c93fb0b99ff14f4d5930bb18,9780
  completed:
    pantry-tree:
      sha256: 8e2a12affdbec42aacb4ed0433710e68fe560848ed4b150c66256eac4906bed2
      size: 3376
    hackage: snap-core-1.0.4.2@sha256:cf0ee4e6fb1ffe85e74054d129ad13f16b251db1c93fb0b99ff14f4d5930bb18,9780
- original:
    hackage: snap-server-1.1.2.0@sha256:3167b836a0b0ee49c8d6c973535c33f583c9ef9ba62d9723f08509b38368cb8f,14641
  completed:
    pantry-tree:
      sha256: adc437085565401e935067062ddfb6d13b423d3820a9f10f01fcb9e64ab09445
      size: 3313
    hackage: snap-server-1.1.2.0@sha256:3167b836a0b0ee49c8d6c973535c33f583c9ef9ba62d9723f08509b38368cb8f,14641
- original:
    hackage: HUnit-1.6.2.0@sha256:1a79174e8af616117ad39464cac9de205ca923da6582825e97c10786fda933a4,1588
  completed:
    pantry-tree:
      sha256: 4f20a5a33866171260d0ee1e256c27f53cc84d37a68d498c3e12347f4e3d05b4
      size: 878
    hackage: HUnit-1.6.2.0@sha256:1a79174e8af616117ad39464cac9de205ca923da6582825e97c10786fda933a4,1588
- original:
    hackage: bytestring-builder-0.10.8.2.0@sha256:6b2b812cdac53f5a2c82376a416dde04adbb5ca3e1604c0d075368a0498f762b,3781
  completed:
    pantry-tree:
      sha256: cbfed55bf3b55fa213e9635423b69db89ff797e68b29bd8f9e62eef843c3524b
      size: 1393
    hackage: bytestring-builder-0.10.8.2.0@sha256:6b2b812cdac53f5a2c82376a416dde04adbb5ca3e1604c0d075368a0498f762b,3781
- original:
    hackage: io-streams-1.5.2.1@sha256:bba86eda96333b21d268e28ebef7ab2325c25d6423756393d02d4debd486f97d,9898
  completed:
    pantry-tree:
      sha256: d0897701fe36da2bb5f0fced24f0b9c6698bb6ea73ac64ffd967247ef09b0ae6
      size: 3465
    hackage: io-streams-1.5.2.1@sha256:bba86eda96333b21d268e28ebef7ab2325c25d6423756393d02d4debd486f97d,9898
- original:
    hackage: io-streams-haproxy-1.0.1.0@sha256:fd6c585c46679752509df185c9d8f948d1ee03625005742ab5de3ebaa882690a,3084
  completed:
    pantry-tree:
      sha256: 33c420a00acd8e86924fca0a713c658e5da4acc071b170907e81c07eb8bc0dac
      size: 589
    hackage: io-streams-haproxy-1.0.1.0@sha256:fd6c585c46679752509df185c9d8f948d1ee03625005742ab5de3ebaa882690a,3084
- original:
    hackage: lifted-base-0.2.3.12@sha256:e94ad0692c9c5d85c373e508f23654f2da8ac8c3e475c2b65ffbc04fb165ad69,3369
  completed:
    pantry-tree:
      sha256: a1d78bdab90ed2863854f825f6ab277e5df0af856fec06ac1c39131e8019aef5
      size: 1129
    hackage: lifted-base-0.2.3.12@sha256:e94ad0692c9c5d85c373e508f23654f2da8ac8c3e475c2b65ffbc04fb165ad69,3369
- original:
    hackage: readable-0.3.1@sha256:48e15b61329a09a0b1e6b4a4b7d3e2745e13761ea67bc8dfdc750dd35814b6e7,915
  completed:
    pantry-tree:
      sha256: 8d16d28ab0face8d27d63596d6d0e66faccba4017e2d8305eb4927edbce9c4bf
      size: 312
    hackage: readable-0.3.1@sha256:48e15b61329a09a0b1e6b4a4b7d3e2745e13761ea67bc8dfdc750dd35814b6e7,915
- original:
    hackage: regex-posix-0.96.0.0@sha256:bd870f983a21bb474bd96449736f011c599981ce70da808a21ec1a28292e5481,2861
  completed:
    pantry-tree:
      sha256: 79d0d45e38130a82e521f8f88333e9e9236165ddd57a2b615a3c462652d1be12
      size: 748
    hackage: regex-posix-0.96.0.0@sha256:bd870f983a21bb474bd96449736f011c599981ce70da808a21ec1a28292e5481,2861
- original:
    hackage: call-stack-0.4.0@sha256:ac44d2c00931dc20b01750da8c92ec443eb63a7231e8550188cb2ac2385f7feb,1200
  completed:
    pantry-tree:
      sha256: 04134fa69cdd824b4e4bb7f77e7173e0705f27deabdbbf99549c549400191e1e
      size: 501
    hackage: call-stack-0.4.0@sha256:ac44d2c00931dc20b01750da8c92ec443eb63a7231e8550188cb2ac2385f7feb,1200
- original:
    hackage: regex-base-0.94.0.1@sha256:6e3546b73cd5489201d481aa645a531f2c61aa317984e31c5f379ac0bcbfbfad,2636
  completed:
    pantry-tree:
      sha256: f6ae0c79bd46b63d7374b023909ee760ac705a81568a54e2ca8b71d0702865ee
      size: 483
    hackage: regex-base-0.94.0.1@sha256:6e3546b73cd5489201d481aa645a531f2c61aa317984e31c5f379ac0bcbfbfad,2636
- original:
    hackage: zlib-bindings-0.1.1.5@sha256:0c6f9f81832af2473281fd58631aff8c6bbad24191e00d2a5a6ae2479249043b,1641
  completed:
    pantry-tree:
      sha256: 58fd9cd38b0899c77bb96904fc8293afdb58ac400b441f9cb772e39db77c0451
      size: 984
    hackage: zlib-bindings-0.1.1.5@sha256:0c6f9f81832af2473281fd58631aff8c6bbad24191e00d2a5a6ae2479249043b,1641
- original:
    hackage: blaze-builder-0.4.2.1@sha256:c1830d7b52910b4569162d4fad27da510bd6a4b43c94da1e9ec0712bebc36121,3613
  completed:
    pantry-tree:
      sha256: b1c96e7326fb48dac79c92436c37c0d74b6cc7350fc9892d8f58e867b68e2ecf
      size: 3101
    hackage: blaze-builder-0.4.2.1@sha256:c1830d7b52910b4569162d4fad27da510bd6a4b43c94da1e9ec0712bebc36121,3613
- original:
    hackage: network-3.1.2.2@sha256:218e2968e03d99c40f32a2ef7cc41a848969096ba1c780ff2e57997a00246b06,4781
  completed:
    pantry-tree:
      sha256: a4e25a1e953ac5cc7ee25ab141aa2f23418e02251ffe6ba47748fbe27da87462
      size: 3971
    hackage: network-3.1.2.2@sha256:218e2968e03d99c40f32a2ef7cc41a848969096ba1c780ff2e57997a00246b06,4781
- original:
    hackage: network-uri-2.6.4.1@sha256:a4765164ed0a2d1668446eb2e03460ce98645fbf083598c690846af79b7de10d,2936
  completed:
    pantry-tree:
      sha256: 68ccb16e252378b2ee6da3e076f6eb55dd7928f0d4dd8beb1969433e9bf6f549
      size: 551
    hackage: network-uri-2.6.4.1@sha256:a4765164ed0a2d1668446eb2e03460ce98645fbf083598c690846af79b7de10d,2936
- original:
    hackage: old-locale-1.0.0.7@sha256:fa998be2c7e00cd26a6e9075bea790caaf3932caa3e9497ad69bc20380dd6911,1071
  completed:
    pantry-tree:
      sha256: 462ef15cb35164d585aa3860f717c9685fbf05578330490860abd544381d2e24
      size: 263
    hackage: old-locale-1.0.0.7@sha256:fa998be2c7e00cd26a6e9075bea790caaf3932caa3e9497ad69bc20380dd6911,1071
- original:
    hackage: unix-compat-0.5.3@sha256:60be4a0b2e1cd873e5ad5f0cc9e53575b77640567abb43ef700d5b323ca2ac49,1987
  completed:
    pantry-tree:
      sha256: ee4610b3aaf342af829a4c29a9433778a676e1b96e1f2f59f8094ef2aab80bb8
      size: 1044
    hackage: unix-compat-0.5.3@sha256:60be4a0b2e1cd873e5ad5f0cc9e53575b77640567abb43ef700d5b323ca2ac49,1987
- original:
    hackage: zlib-0.6.2.3@sha256:28f4d460c260e074cab833625454564b9783a3389b7bb91fd54da2790b39592c,5180
  completed:
    pantry-tree:
      sha256: ffcf51025a4f5343a81f040fc847f13a63168889faa435f64b3a1528cd25a3d6
      size: 2619
    hackage: zlib-0.6.2.3@sha256:28f4d460c260e074cab833625454564b9783a3389b7bb91fd54da2790b39592c,5180
- original:
    hackage: th-compat-0.1.2@sha256:3d55de1adc542c1a870c9ada90da2fbbe5f4e8bcd3eed545a55c3df9311b32a8,2854
  completed:
    pantry-tree:
      sha256: 4629996e2e8b5bfd5fbd231fb72e2bf68fbeca2c36071f44a90c4310ea73ad01
      size: 530
    hackage: th-compat-0.1.2@sha256:3d55de1adc542c1a870c9ada90da2fbbe5f4e8bcd3eed545a55c3df9311b32a8,2854
